hash: e195464436b83cdcf710636752ece55a5087a87c8ffb22579ca68c6920ac98a0
updated: 2016-06-28T15:42:52.918858243+02:00
imports:
- name: github.com/cloudfoundry-incubator/candiedyaml
  version: 99c3df83b51532e3615f851d8c2dbb638f5313bf
- name: github.com/fatih/color
  version: 533cd7fd8a85905f67a1753afb4deddc85ea174f
  repo: git@github.com:fatih/color.git
  vcs: git
- name: github.com/ghodss/yaml
  version: aa0c862057666179de291b67d9f093d12b5a8473
- name: github.com/Masterminds/semver
  version: 808ed7761c233af2de3f9729a041d68c62527f3a
- name: github.com/mattn/go-colorable
  version: 9cbef7c35391cca05f15f8181dc0b18bc9736dbb
  repo: https://github.com/mattn/go-colorable
- name: github.com/mattn/go-isatty
  version: 56b76bdf51f7708750eac80fa38b952bb9f32639
  repo: https://github.com/mattn/go-isatty
- name: github.com/mh-cbon/go-repo-utils
  version: ee44c0e5faeb9da61352746b5a56811fa789378b
  subpackages:
  - repoutils
  - bzr
  - git
  - hg
  - svn
- name: github.com/mh-cbon/verbose
  version: e6234133f9e61b35b674aef4ee3d104e5d319757
  subpackages:
  - color
  - printer
- name: github.com/urfave/cli
  version: 1efa31f08b9333f1bd4882d61f9d668a70cd902e
- name: golang.org/x/sys
  version: 62bee037599929a6e9146f29d10dd5208c43507d
  subpackages:
  - unix
- name: gopkg.in/yaml.v2
  version: a83829b6f1293c91addabc89d0571c246397bbf4
devImports: []
